PODS:
  - Alamofire (5.2.2)
  - GoogleMaps (3.10.0):
    - GoogleMaps/Maps (= 3.10.0)
  - GoogleMaps/Base (3.10.0)
  - GoogleMaps/Maps (3.10.0):
    - GoogleMaps/Base
  - GooglePlaces (3.10.0):
    - GoogleMaps/Base (= 3.10.0)
  - IQKeyboardManagerSwift (6.5.6)
  - NVActivityIndicatorView (5.0.1):
    - NVActivityIndicatorView/Base (= 5.0.1)
  - NVActivityIndicatorView/Base (5.0.1)
  - PaginatedTableView (1.0.1)
  - SDWebImage (5.9.2):
    - SDWebImage/Core (= 5.9.2)
  - SDWebImage/Core (5.9.2)
  - SkyFloatingLabelTextField (3.8.0)
  - SwiftGen (6.4.0)

DEPENDENCIES:
  - Alamofire
  - GoogleMaps
  - GooglePlaces
  - IQKeyboardManagerSwift
  - NVActivityIndicatorView
  - PaginatedTableView
  - SDWebImage
  - SkyFloatingLabelTextField
  - SwiftGen

SPEC REPOS:
  trunk:
    - Alamofire
    - GoogleMaps
    - GooglePlaces
    - IQKeyboardManagerSwift
    - NVActivityIndicatorView
    - PaginatedTableView
    - SDWebImage
    - SkyFloatingLabelTextField
    - SwiftGen

SPEC CHECKSUMS:
  Alamofire: 814429acc853c6c54ff123fc3d2ef66803823ce0
  GoogleMaps: 8c080862ff2748ece9929471b30feb56a6c5079d
  GooglePlaces: 9a6f5f3a0c88da2aa1bf7426a65d3e004f5e69a1
  IQKeyboardManagerSwift: c7df9d2deb356c04522f5c4b7b6e4ce4d8ed94fe
  NVActivityIndicatorView: 738e843cb8924e9e4fc3e559d0728031624bf860
  PaginatedTableView: 294d9831d5ddf5c0dcfbb4a281d4fcfb8d12f55a
  SDWebImage: 0b42b8719ab0c5257177d5894306e8a336b21cbb
  SkyFloatingLabelTextField: 5a338412114808e961fe2d14ea2c5452c8b6e4aa
  SwiftGen: 67860cc7c3cfc2ed25b9b74cfd55495fc89f9108

PODFILE CHECKSUM: 2378722476775677a266fb6faf5bc48a2c70125f

COCOAPODS: 1.9.3
